// !$*UTF8*$!
{
	archiveVersion = 1;
	classes = {
	};
	objectVersion = 46;
	objects = {

/* Begin PBXBuildFile section */
		2705093F1B09043B00A08055 /* ParkContinentTableViewController.m in Sources */ = {isa = PBXBuildFile; fileRef = 2705093E1B09043B00A08055 /* ParkContinentTableViewController.m */; };
		270509421B091B3700A08055 /* ParkContinentTableViewCell.m in Sources */ = {isa = PBXBuildFile; fileRef = 270509411B091B3700A08055 /* ParkContinentTableViewCell.m */; };
		270509451B091E3400A08055 /* ParkCountryTableViewController.m in Sources */ = {isa = PBXBuildFile; fileRef = 270509441B091E3400A08055 /* ParkCountryTableViewController.m */; };
		2705094C1B09554B00A08055 /* data.sqlite in Resources */ = {isa = PBXBuildFile; fileRef = 2705094B1B09554B00A08055 /* data.sqlite */; };
		2705094F1B0B193000A08055 /* ParkStateTableViewController.m in Sources */ = {isa = PBXBuildFile; fileRef = 2705094E1B0B193000A08055 /* ParkStateTableViewController.m */; };
		270509521B0C989A00A08055 /* SearchDistanceTableViewController.m in Sources */ = {isa = PBXBuildFile; fileRef = 270509511B0C989A00A08055 /* SearchDistanceTableViewController.m */; };
		270509551B0C9B0500A08055 /* LocationSettingsTableViewController.m in Sources */ = {isa = PBXBuildFile; fileRef = 270509541B0C9B0500A08055 /* LocationSettingsTableViewController.m */; };
		270509581B0CAD0D00A08055 /* HomeMapViewController.m in Sources */ = {isa = PBXBuildFile; fileRef = 270509571B0CAD0D00A08055 /* HomeMapViewController.m */; };
		2715A78F1AF7B3DB00C0C9A5 /* HomeTableViewCell.m in Sources */ = {isa = PBXBuildFile; fileRef = 2715A78E1AF7B3DB00C0C9A5 /* HomeTableViewCell.m */; };
		2715A7981AFA4B0E00C0C9A5 /* ErrorTableViewCell.m in Sources */ = {isa = PBXBuildFile; fileRef = 2715A7971AFA4B0E00C0C9A5 /* ErrorTableViewCell.m */; };
		2721F73D1AE317A200AFAD5E /* TranslucentNavigationController.m in Sources */ = {isa = PBXBuildFile; fileRef = 2721F73C1AE317A200AFAD5E /* TranslucentNavigationController.m */; };
		272B13A01AC0A240005B78D6 /* MapKit.framework in Frameworks */ = {isa = PBXBuildFile; fileRef = 272B139F1AC0A240005B78D6 /* MapKit.framework */; };
		272B13A31AC0B0EF005B78D6 /* Color.m in Sources */ = {isa = PBXBuildFile; fileRef = 272B13A21AC0B0EF005B78D6 /* Color.m */; };
		2738F5921AE662C300A4E12A /* PopupRatingViewController.m in Sources */ = {isa = PBXBuildFile; fileRef = 2738F5911AE662C300A4E12A /* PopupRatingViewController.m */; };
		2738F5941AE6631A00A4E12A /* QuartzCore.framework in Frameworks */ = {isa = PBXBuildFile; fileRef = 2738F5931AE6631A00A4E12A /* QuartzCore.framework */; };
		2738F5971AE89E2400A4E12A /* HCSStarRatingView.m in Sources */ = {isa = PBXBuildFile; fileRef = 2738F5961AE89E2400A4E12A /* HCSStarRatingView.m */; };
		2738F59D1AEA103E00A4E12A /* BFPaperCheckbox.m in Sources */ = {isa = PBXBuildFile; fileRef = 2738F59C1AEA103E00A4E12A /* BFPaperCheckbox.m */; };
		274780EA1B10B1F3008E7304 /* ODRefreshControl.m in Sources */ = {isa = PBXBuildFile; fileRef = 274780E91B10B1F3008E7304 /* ODRefreshControl.m */; };
		27516BD61B05457700CBED64 /* Coaster.m in Sources */ = {isa = PBXBuildFile; fileRef = 27516BD51B05457700CBED64 /* Coaster.m */; };
		27516BD91B05457800CBED64 /* Park.m in Sources */ = {isa = PBXBuildFile; fileRef = 27516BD81B05457800CBED64 /* Park.m */; };
		27524F7D1AFD008000993A05 /* CoreGraphics.framework in Frameworks */ = {isa = PBXBuildFile; fileRef = 27524F7C1AFD008000993A05 /* CoreGraphics.framework */; };
		27524F8C1AFD009100993A05 /* ChameleonStatusBar.m in Sources */ = {isa = PBXBuildFile; fileRef = 27524F821AFD009100993A05 /* ChameleonStatusBar.m */; };
		27524F8E1AFD009100993A05 /* NSArray+Chameleon.m in Sources */ = {isa = PBXBuildFile; fileRef = 27524F851AFD009100993A05 /* NSArray+Chameleon.m */; };
		27524F8F1AFD009100993A05 /* UIColor+Chameleon.m in Sources */ = {isa = PBXBuildFile; fileRef = 27524F871AFD009100993A05 /* UIColor+Chameleon.m */; };
		27524F901AFD009100993A05 /* UIColor+CIELAB.m in Sources */ = {isa = PBXBuildFile; fileRef = 27524F891AFD009100993A05 /* UIColor+CIELAB.m */; };
		27524F911AFD009100993A05 /* UIViewController+Chameleon.m in Sources */ = {isa = PBXBuildFile; fileRef = 27524F8B1AFD009100993A05 /* UIViewController+Chameleon.m */; };
		276654631AFD128400C2B8BA /* UICountingLabel.m in Sources */ = {isa = PBXBuildFile; fileRef = 276654621AFD128400C2B8BA /* UICountingLabel.m */; };
		276654661AFD132000C2B8BA /* UserViewController.m in Sources */ = {isa = PBXBuildFile; fileRef = 276654651AFD132000C2B8BA /* UserViewController.m */; };
		276736DC1ACF107A0078A54D /* MainTabBarController.m in Sources */ = {isa = PBXBuildFile; fileRef = 276736DB1ACF107A0078A54D /* MainTabBarController.m */; };
		27688E331ABC74DB00A8D102 /* Haversine.m in Sources */ = {isa = PBXBuildFile; fileRef = 27688E321ABC74DB00A8D102 /* Haversine.m */; };
		2779F1A01AD9B39700215D79 /* ParkListTableViewController.m in Sources */ = {isa = PBXBuildFile; fileRef = 2779F19F1AD9B39700215D79 /* ParkListTableViewController.m */; };
		2779F1A31AD9D0F900215D79 /* ParkListTableViewCell.m in Sources */ = {isa = PBXBuildFile; fileRef = 2779F1A21AD9D0F900215D79 /* ParkListTableViewCell.m */; };
		278323A11AB9CCD500F7B5A3 /* CoreDataStack.m in Sources */ = {isa = PBXBuildFile; fileRef = 278323A01AB9CCD500F7B5A3 /* CoreDataStack.m */; };
		279069331B17418C000021D2 /* ParkListOptionsTableViewController.m in Sources */ = {isa = PBXBuildFile; fileRef = 279069321B17418C000021D2 /* ParkListOptionsTableViewController.m */; };
		279453971ABCA69300801760 /* CoasterViewController.m in Sources */ = {isa = PBXBuildFile; fileRef = 279453961ABCA69300801760 /* CoasterViewController.m */; };
		27AE86A91B14C98600A81846 /* ParkPointAnnotation.m in Sources */ = {isa = PBXBuildFile; fileRef = 27AE86A81B14C98600A81846 /* ParkPointAnnotation.m */; };
		27AE86AC1B14CCC500A81846 /* ParkPinAnnotationView.m in Sources */ = {isa = PBXBuildFile; fileRef = 27AE86AB1B14CCC500A81846 /* ParkPinAnnotationView.m */; };
		27D2D3421B0DE2640028E6CC /* DefaultPreferences.plist in Resources */ = {isa = PBXBuildFile; fileRef = 27D2D3411B0DE2640028E6CC /* DefaultPreferences.plist */; };
		27D753D31ABD970E00484615 /* CoasterTableViewCell.m in Sources */ = {isa = PBXBuildFile; fileRef = 27D753D21ABD970E00484615 /* CoasterTableViewCell.m */; };
		27DC5B751AB7529C00E86C63 /* main.m in Sources */ = {isa = PBXBuildFile; fileRef = 27DC5B741AB7529C00E86C63 /* main.m */; };
		27DC5B781AB7529C00E86C63 /* AppDelegate.m in Sources */ = {isa = PBXBuildFile; fileRef = 27DC5B771AB7529C00E86C63 /* AppDelegate.m */; };
		27DC5B7B1AB7529C00E86C63 /* Coaster_Creds.xcdatamodeld in Sources */ = {isa = PBXBuildFile; fileRef = 27DC5B791AB7529C00E86C63 /* Coaster_Creds.xcdatamodeld */; };
		27DC5B7E1AB7529C00E86C63 /* HomeViewController.m in Sources */ = {isa = PBXBuildFile; fileRef = 27DC5B7D1AB7529C00E86C63 /* HomeViewController.m */; };
		27DC5B811AB7529C00E86C63 /* Main.storyboard in Resources */ = {isa = PBXBuildFile; fileRef = 27DC5B7F1AB7529C00E86C63 /* Main.storyboard */; };
		27DC5B831AB7529C00E86C63 /* Images.xcassets in Resources */ = {isa = PBXBuildFile; fileRef = 27DC5B821AB7529C00E86C63 /* Images.xcassets */; };
		27DC5B921AB7529C00E86C63 /* Coaster_CredsTests.m in Sources */ = {isa = PBXBuildFile; fileRef = 27DC5B911AB7529C00E86C63 /* Coaster_CredsTests.m */; };
		27E2A9B01ABE35C700FDA170 /* ideas in Resources */ = {isa = PBXBuildFile; fileRef = 27E2A9AF1ABE35C700FDA170 /* ideas */; };
		27F614581AB88E9A00D7D5AC /* CoreLocation.framework in Frameworks */ = {isa = PBXBuildFile; fileRef = 27F614571AB88E9A00D7D5AC /* CoreLocation.framework */; };
/* End PBXBuildFile section */

/* Begin PBXContainerItemProxy section */
		27DC5B8C1AB7529C00E86C63 /* PBXContainerItemProxy */ = {
			isa = PBXContainerItemProxy;
			containerPortal = 27DC5B671AB7529B00E86C63 /* Project object */;
			proxyType = 1;
			remoteGlobalIDString = 27DC5B6E1AB7529C00E86C63;
			remoteInfo = "Coaster Creds";
		};
/* End PBXContainerItemProxy section */

/* Begin PBXFileReference section */
		2705093D1B09043B00A08055 /* ParkContinentTableViewController.h */ = {isa = PBXFileReference; fileEncoding = 4; lastKnownFileType = sourcecode.c.h; path = ParkContinentTableViewController.h; sourceTree = "<group>"; };
		2705093E1B09043B00A08055 /* ParkContinentTableViewController.m */ = {isa = PBXFileReference; fileEncoding = 4; lastKnownFileType = sourcecode.c.objc; path = ParkContinentTableViewController.m; sourceTree = "<group>"; };
		270509401B091B3700A08055 /* ParkContinentTableViewCell.h */ = {isa = PBXFileReference; fileEncoding = 4; lastKnownFileType = sourcecode.c.h; path = ParkContinentTableViewCell.h; sourceTree = "<group>"; };
		270509411B091B3700A08055 /* ParkContinentTableViewCell.m */ = {isa = PBXFileReference; fileEncoding = 4; lastKnownFileType = sourcecode.c.objc; path = ParkContinentTableViewCell.m; sourceTree = "<group>"; };
		270509431B091E3400A08055 /* ParkCountryTableViewController.h */ = {isa = PBXFileReference; fileEncoding = 4; lastKnownFileType = sourcecode.c.h; path = ParkCountryTableViewController.h; sourceTree = "<group>"; };
		270509441B091E3400A08055 /* ParkCountryTableViewController.m */ = {isa = PBXFileReference; fileEncoding = 4; lastKnownFileType = sourcecode.c.objc; path = ParkCountryTableViewController.m; sourceTree = "<group>"; };
		2705094B1B09554B00A08055 /* data.sqlite */ = {isa = PBXFileReference; lastKnownFileType = file; path = data.sqlite; sourceTree = "<group>"; };
		2705094D1B0B193000A08055 /* ParkStateTableViewController.h */ = {isa = PBXFileReference; fileEncoding = 4; lastKnownFileType = sourcecode.c.h; path = ParkStateTableViewController.h; sourceTree = "<group>"; };
		2705094E1B0B193000A08055 /* ParkStateTableViewController.m */ = {isa = PBXFileReference; fileEncoding = 4; lastKnownFileType = sourcecode.c.objc; path = ParkStateTableViewController.m; sourceTree = "<group>"; };
		270509501B0C989A00A08055 /* SearchDistanceTableViewController.h */ = {isa = PBXFileReference; fileEncoding = 4; lastKnownFileType = sourcecode.c.h; path = SearchDistanceTableViewController.h; sourceTree = "<group>"; };
		270509511B0C989A00A08055 /* SearchDistanceTableViewController.m */ = {isa = PBXFileReference; fileEncoding = 4; lastKnownFileType = sourcecode.c.objc; path = SearchDistanceTableViewController.m; sourceTree = "<group>"; };
		270509531B0C9B0500A08055 /* LocationSettingsTableViewController.h */ = {isa = PBXFileReference; fileEncoding = 4; lastKnownFileType = sourcecode.c.h; path = LocationSettingsTableViewController.h; sourceTree = "<group>"; };
		270509541B0C9B0500A08055 /* LocationSettingsTableViewController.m */ = {isa = PBXFileReference; fileEncoding = 4; lastKnownFileType = sourcecode.c.objc; path = LocationSettingsTableViewController.m; sourceTree = "<group>"; };
		270509561B0CAD0D00A08055 /* HomeMapViewController.h */ = {isa = PBXFileReference; fileEncoding = 4; lastKnownFileType = sourcecode.c.h; path = HomeMapViewController.h; sourceTree = "<group>"; };
		270509571B0CAD0D00A08055 /* HomeMapViewController.m */ = {isa = PBXFileReference; fileEncoding = 4; lastKnownFileType = sourcecode.c.objc; path = HomeMapViewController.m; sourceTree = "<group>"; };
		2715A78D1AF7B3DB00C0C9A5 /* HomeTableViewCell.h */ = {isa = PBXFileReference; fileEncoding = 4; lastKnownFileType = sourcecode.c.h; path = HomeTableViewCell.h; sourceTree = "<group>"; };
		2715A78E1AF7B3DB00C0C9A5 /* HomeTableViewCell.m */ = {isa = PBXFileReference; fileEncoding = 4; lastKnownFileType = sourcecode.c.objc; path = HomeTableViewCell.m; sourceTree = "<group>"; };
		2715A7961AFA4B0E00C0C9A5 /* ErrorTableViewCell.h */ = {isa = PBXFileReference; fileEncoding = 4; lastKnownFileType = sourcecode.c.h; path = ErrorTableViewCell.h; sourceTree = "<group>"; };
		2715A7971AFA4B0E00C0C9A5 /* ErrorTableViewCell.m */ = {isa = PBXFileReference; fileEncoding = 4; lastKnownFileType = sourcecode.c.objc; path = ErrorTableViewCell.m; sourceTree = "<group>"; };
		2721F73B1AE317A200AFAD5E /* TranslucentNavigationController.h */ = {isa = PBXFileReference; fileEncoding = 4; lastKnownFileType = sourcecode.c.h; path = TranslucentNavigationController.h; sourceTree = "<group>"; };
		2721F73C1AE317A200AFAD5E /* TranslucentNavigationController.m */ = {isa = PBXFileReference; fileEncoding = 4; lastKnownFileType = sourcecode.c.objc; path = TranslucentNavigationController.m; sourceTree = "<group>"; };
		272B139F1AC0A240005B78D6 /* MapKit.framework */ = {isa = PBXFileReference; lastKnownFileType = wrapper.framework; name = MapKit.framework; path = System/Library/Frameworks/MapKit.framework; sourceTree = SDKROOT; };
		272B13A11AC0B0EF005B78D6 /* Color.h */ = {isa = PBXFileReference; fileEncoding = 4; lastKnownFileType = sourcecode.c.h; path = Color.h; sourceTree = "<group>"; };
		272B13A21AC0B0EF005B78D6 /* Color.m */ = {isa = PBXFileReference; fileEncoding = 4; lastKnownFileType = sourcecode.c.objc; path = Color.m; sourceTree = "<group>"; };
		2738F5901AE662C300A4E12A /* PopupRatingViewController.h */ = {isa = PBXFileReference; fileEncoding = 4; lastKnownFileType = sourcecode.c.h; path = PopupRatingViewController.h; sourceTree = "<group>"; };
		2738F5911AE662C300A4E12A /* PopupRatingViewController.m */ = {isa = PBXFileReference; fileEncoding = 4; lastKnownFileType = sourcecode.c.objc; path = PopupRatingViewController.m; sourceTree = "<group>"; };
		2738F5931AE6631A00A4E12A /* QuartzCore.framework */ = {isa = PBXFileReference; lastKnownFileType = wrapper.framework; name = QuartzCore.framework; path = System/Library/Frameworks/QuartzCore.framework; sourceTree = SDKROOT; };
		2738F5951AE89E2400A4E12A /* HCSStarRatingView.h */ = {isa = PBXFileReference; fileEncoding = 4; lastKnownFileType = sourcecode.c.h; path = HCSStarRatingView.h; sourceTree = "<group>"; };
		2738F5961AE89E2400A4E12A /* HCSStarRatingView.m */ = {isa = PBXFileReference; fileEncoding = 4; lastKnownFileType = sourcecode.c.objc; path = HCSStarRatingView.m; sourceTree = "<group>"; };
		2738F59B1AEA103E00A4E12A /* BFPaperCheckbox.h */ = {isa = PBXFileReference; fileEncoding = 4; lastKnownFileType = sourcecode.c.h; path = BFPaperCheckbox.h; sourceTree = "<group>"; };
		2738F59C1AEA103E00A4E12A /* BFPaperCheckbox.m */ = {isa = PBXFileReference; fileEncoding = 4; lastKnownFileType = sourcecode.c.objc; path = BFPaperCheckbox.m; sourceTree = "<group>"; };
		274780E81B10B1F3008E7304 /* ODRefreshControl.h */ = {isa = PBXFileReference; fileEncoding = 4; lastKnownFileType = sourcecode.c.h; path = ODRefreshControl.h; sourceTree = "<group>"; };
		274780E91B10B1F3008E7304 /* ODRefreshControl.m */ = {isa = PBXFileReference; fileEncoding = 4; lastKnownFileType = sourcecode.c.objc; path = ODRefreshControl.m; sourceTree = "<group>"; };
		27516BD41B05457700CBED64 /* Coaster.h */ = {isa = PBXFileReference; fileEncoding = 4; lastKnownFileType = sourcecode.c.h; path = Coaster.h; sourceTree = "<group>"; };
		27516BD51B05457700CBED64 /* Coaster.m */ = {isa = PBXFileReference; fileEncoding = 4; lastKnownFileType = sourcecode.c.objc; path = Coaster.m; sourceTree = "<group>"; };
		27516BD71B05457800CBED64 /* Park.h */ = {isa = PBXFileReference; fileEncoding = 4; lastKnownFileType = sourcecode.c.h; path = Park.h; sourceTree = "<group>"; };
		27516BD81B05457800CBED64 /* Park.m */ = {isa = PBXFileReference; fileEncoding = 4; lastKnownFileType = sourcecode.c.objc; path = Park.m; sourceTree = "<group>"; };
		27524F7C1AFD008000993A05 /* CoreGraphics.framework */ = {isa = PBXFileReference; lastKnownFileType = wrapper.framework; name = CoreGraphics.framework; path = System/Library/Frameworks/CoreGraphics.framework; sourceTree = SDKROOT; };
		27524F7F1AFD009100993A05 /* Chameleon.h */ = {isa = PBXFileReference; fileEncoding = 4; lastKnownFileType = sourcecode.c.h; path = Chameleon.h; sourceTree = "<group>"; };
		27524F801AFD009100993A05 /* ChameleonMacros.h */ = {isa = PBXFileReference; fileEncoding = 4; lastKnownFileType = sourcecode.c.h; path = ChameleonMacros.h; sourceTree = "<group>"; };
		27524F811AFD009100993A05 /* ChameleonStatusBar.h */ = {isa = PBXFileReference; fileEncoding = 4; lastKnownFileType = sourcecode.c.h; path = ChameleonStatusBar.h; sourceTree = "<group>"; };
		27524F821AFD009100993A05 /* ChameleonStatusBar.m */ = {isa = PBXFileReference; fileEncoding = 4; lastKnownFileType = sourcecode.c.objc; path = ChameleonStatusBar.m; sourceTree = "<group>"; };
		27524F841AFD009100993A05 /* NSArray+Chameleon.h */ = {isa = PBXFileReference; fileEncoding = 4; lastKnownFileType = sourcecode.c.h; path = "NSArray+Chameleon.h"; sourceTree = "<group>"; };
		27524F851AFD009100993A05 /* NSArray+Chameleon.m */ = {isa = PBXFileReference; fileEncoding = 4; lastKnownFileType = sourcecode.c.objc; path = "NSArray+Chameleon.m"; sourceTree = "<group>"; };
		27524F861AFD009100993A05 /* UIColor+Chameleon.h */ = {isa = PBXFileReference; fileEncoding = 4; lastKnownFileType = sourcecode.c.h; path = "UIColor+Chameleon.h"; sourceTree = "<group>"; };
		27524F871AFD009100993A05 /* UIColor+Chameleon.m */ = {isa = PBXFileReference; fileEncoding = 4; lastKnownFileType = sourcecode.c.objc; path = "UIColor+Chameleon.m"; sourceTree = "<group>"; };
		27524F881AFD009100993A05 /* UIColor+CIELAB.h */ = {isa = PBXFileReference; fileEncoding = 4; lastKnownFileType = sourcecode.c.h; path = "UIColor+CIELAB.h"; sourceTree = "<group>"; };
		27524F891AFD009100993A05 /* UIColor+CIELAB.m */ = {isa = PBXFileReference; fileEncoding = 4; lastKnownFileType = sourcecode.c.objc; path = "UIColor+CIELAB.m"; sourceTree = "<group>"; };
		27524F8A1AFD009100993A05 /* UIViewController+Chameleon.h */ = {isa = PBXFileReference; fileEncoding = 4; lastKnownFileType = sourcecode.c.h; path = "UIViewController+Chameleon.h"; sourceTree = "<group>"; };
		27524F8B1AFD009100993A05 /* UIViewController+Chameleon.m */ = {isa = PBXFileReference; fileEncoding = 4; lastKnownFileType = sourcecode.c.objc; path = "UIViewController+Chameleon.m"; sourceTree = "<group>"; };
		276654611AFD128400C2B8BA /* UICountingLabel.h */ = {isa = PBXFileReference; fileEncoding = 4; lastKnownFileType = sourcecode.c.h; path = UICountingLabel.h; sourceTree = "<group>"; };
		276654621AFD128400C2B8BA /* UICountingLabel.m */ = {isa = PBXFileReference; fileEncoding = 4; lastKnownFileType = sourcecode.c.objc; path = UICountingLabel.m; sourceTree = "<group>"; };
		276654641AFD132000C2B8BA /* UserViewController.h */ = {isa = PBXFileReference; fileEncoding = 4; lastKnownFileType = sourcecode.c.h; path = UserViewController.h; sourceTree = "<group>"; };
		276654651AFD132000C2B8BA /* UserViewController.m */ = {isa = PBXFileReference; fileEncoding = 4; lastKnownFileType = sourcecode.c.objc; path = UserViewController.m; sourceTree = "<group>"; };
		276736DA1ACF107A0078A54D /* MainTabBarController.h */ = {isa = PBXFileReference; fileEncoding = 4; lastKnownFileType = sourcecode.c.h; path = MainTabBarController.h; sourceTree = "<group>"; };
		276736DB1ACF107A0078A54D /* MainTabBarController.m */ = {isa = PBXFileReference; fileEncoding = 4; lastKnownFileType = sourcecode.c.objc; path = MainTabBarController.m; sourceTree = "<group>"; };
		27688E311ABC74DB00A8D102 /* Haversine.h */ = {isa = PBXFileReference; fileEncoding = 4; lastKnownFileType = sourcecode.c.h; path = Haversine.h; sourceTree = "<group>"; };
		27688E321ABC74DB00A8D102 /* Haversine.m */ = {isa = PBXFileReference; fileEncoding = 4; lastKnownFileType = sourcecode.c.objc; path = Haversine.m; sourceTree = "<group>"; };
		2779F19E1AD9B39700215D79 /* ParkListTableViewController.h */ = {isa = PBXFileReference; fileEncoding = 4; lastKnownFileType = sourcecode.c.h; path = ParkListTableViewController.h; sourceTree = "<group>"; };
		2779F19F1AD9B39700215D79 /* ParkListTableViewController.m */ = {isa = PBXFileReference; fileEncoding = 4; lastKnownFileType = sourcecode.c.objc; path = ParkListTableViewController.m; sourceTree = "<group>"; };
		2779F1A11AD9D0F900215D79 /* ParkListTableViewCell.h */ = {isa = PBXFileReference; fileEncoding = 4; lastKnownFileType = sourcecode.c.h; path = ParkListTableViewCell.h; sourceTree = "<group>"; };
		2779F1A21AD9D0F900215D79 /* ParkListTableViewCell.m */ = {isa = PBXFileReference; fileEncoding = 4; lastKnownFileType = sourcecode.c.objc; path = ParkListTableViewCell.m; sourceTree = "<group>"; };
		2783239F1AB9CCD500F7B5A3 /* CoreDataStack.h */ = {isa = PBXFileReference; fileEncoding = 4; lastKnownFileType = sourcecode.c.h; name = CoreDataStack.h; path = "Coaster Creds/CoreDataStack.h"; sourceTree = "<group>"; };
		278323A01AB9CCD500F7B5A3 /* CoreDataStack.m */ = {isa = PBXFileReference; fileEncoding = 4; lastKnownFileType = sourcecode.c.objc; name = CoreDataStack.m; path = "Coaster Creds/CoreDataStack.m"; sourceTree = "<group>"; };
		279069311B17418C000021D2 /* ParkListOptionsTableViewController.h */ = {isa = PBXFileReference; fileEncoding = 4; lastKnownFileType = sourcecode.c.h; path = ParkListOptionsTableViewController.h; sourceTree = "<group>"; };
		279069321B17418C000021D2 /* ParkListOptionsTableViewController.m */ = {isa = PBXFileReference; fileEncoding = 4; lastKnownFileType = sourcecode.c.objc; path = ParkListOptionsTableViewController.m; sourceTree = "<group>"; };
		279453951ABCA69300801760 /* CoasterViewController.h */ = {isa = PBXFileReference; fileEncoding = 4; lastKnownFileType = sourcecode.c.h; path = CoasterViewController.h; sourceTree = "<group>"; };
		279453961ABCA69300801760 /* CoasterViewController.m */ = {isa = PBXFileReference; fileEncoding = 4; lastKnownFileType = sourcecode.c.objc; path = CoasterViewController.m; sourceTree = "<group>"; };
		27AE86A71B14C98600A81846 /* ParkPointAnnotation.h */ = {isa = PBXFileReference; fileEncoding = 4; lastKnownFileType = sourcecode.c.h; path = ParkPointAnnotation.h; sourceTree = "<group>"; };
		27AE86A81B14C98600A81846 /* ParkPointAnnotation.m */ = {isa = PBXFileReference; fileEncoding = 4; lastKnownFileType = sourcecode.c.objc; path = ParkPointAnnotation.m; sourceTree = "<group>"; };
		27AE86AA1B14CCC500A81846 /* ParkPinAnnotationView.h */ = {isa = PBXFileReference; fileEncoding = 4; lastKnownFileType = sourcecode.c.h; path = ParkPinAnnotationView.h; sourceTree = "<group>"; };
		27AE86AB1B14CCC500A81846 /* ParkPinAnnotationView.m */ = {isa = PBXFileReference; fileEncoding = 4; lastKnownFileType = sourcecode.c.objc; path = ParkPinAnnotationView.m; sourceTree = "<group>"; };
		27D2D3411B0DE2640028E6CC /* DefaultPreferences.plist */ = {isa = PBXFileReference; fileEncoding = 4; lastKnownFileType = text.plist.xml; path = DefaultPreferences.plist; sourceTree = "<group>"; };
		27D753D11ABD970E00484615 /* CoasterTableViewCell.h */ = {isa = PBXFileReference; fileEncoding = 4; lastKnownFileType = sourcecode.c.h; path = CoasterTableViewCell.h; sourceTree = "<group>"; };
		27D753D21ABD970E00484615 /* CoasterTableViewCell.m */ = {isa = PBXFileReference; fileEncoding = 4; lastKnownFileType = sourcecode.c.objc; path = CoasterTableViewCell.m; sourceTree = "<group>"; };
		27DC5B6F1AB7529C00E86C63 /* Coaster Creds.app */ = {isa = PBXFileReference; explicitFileType = wrapper.application; includeInIndex = 0; path = "Coaster Creds.app"; sourceTree = BUILT_PRODUCTS_DIR; };
		27DC5B731AB7529C00E86C63 /* Info.plist */ = {isa = PBXFileReference; lastKnownFileType = text.plist.xml; path = Info.plist; sourceTree = "<group>"; };
		27DC5B741AB7529C00E86C63 /* main.m */ = {isa = PBXFileReference; lastKnownFileType = sourcecode.c.objc; path = main.m; sourceTree = "<group>"; };
		27DC5B761AB7529C00E86C63 /* AppDelegate.h */ = {isa = PBXFileReference; lastKnownFileType = sourcecode.c.h; path = AppDelegate.h; sourceTree = "<group>"; };
		27DC5B771AB7529C00E86C63 /* AppDelegate.m */ = {isa = PBXFileReference; lastKnownFileType = sourcecode.c.objc; path = AppDelegate.m; sourceTree = "<group>"; };
		27DC5B7A1AB7529C00E86C63 /* Coaster_Creds.xcdatamodel */ = {isa = PBXFileReference; lastKnownFileType = wrapper.xcdatamodel; path = Coaster_Creds.xcdatamodel; sourceTree = "<group>"; };
		27DC5B7C1AB7529C00E86C63 /* HomeViewController.h */ = {isa = PBXFileReference; lastKnownFileType = sourcecode.c.h; path = HomeViewController.h; sourceTree = "<group>"; };
		27DC5B7D1AB7529C00E86C63 /* HomeViewController.m */ = {isa = PBXFileReference; lastKnownFileType = sourcecode.c.objc; path = HomeViewController.m; sourceTree = "<group>"; };
		27DC5B801AB7529C00E86C63 /* Base */ = {isa = PBXFileReference; lastKnownFileType = file.storyboard; name = Base; path = Base.lproj/Main.storyboard; sourceTree = "<group>"; };
		27DC5B821AB7529C00E86C63 /* Images.xcassets */ = {isa = PBXFileReference; lastKnownFileType = folder.assetcatalog; path = Images.xcassets; sourceTree = "<group>"; };
		27DC5B8B1AB7529C00E86C63 /* Coaster CredsTests.xctest */ = {isa = PBXFileReference; explicitFileType = wrapper.cfbundle; includeInIndex = 0; path = "Coaster CredsTests.xctest"; sourceTree = BUILT_PRODUCTS_DIR; };
		27DC5B901AB7529C00E86C63 /* Info.plist */ = {isa = PBXFileReference; lastKnownFileType = text.plist.xml; path = Info.plist; sourceTree = "<group>"; };
		27DC5B911AB7529C00E86C63 /* Coaster_CredsTests.m */ = {isa = PBXFileReference; lastKnownFileType = sourcecode.c.objc; path = Coaster_CredsTests.m; sourceTree = "<group>"; };
		27E2A9AF1ABE35C700FDA170 /* ideas */ = {isa = PBXFileReference; fileEncoding = 4; lastKnownFileType = text; name = ideas; path = ../ideas; sourceTree = "<group>"; };
		27F614571AB88E9A00D7D5AC /* CoreLocation.framework */ = {isa = PBXFileReference; lastKnownFileType = wrapper.framework; name = CoreLocation.framework; path = System/Library/Frameworks/CoreLocation.framework; sourceTree = SDKROOT; };
/* End PBXFileReference section */

/* Begin PBXFrameworksBuildPhase section */
		27DC5B6C1AB7529C00E86C63 /* Frameworks */ = {
			isa = PBXFrameworksBuildPhase;
			buildActionMask = 2147483647;
			files = (
				27524F7D1AFD008000993A05 /* CoreGraphics.framework in Frameworks */,
				2738F5941AE6631A00A4E12A /* QuartzCore.framework in Frameworks */,
				272B13A01AC0A240005B78D6 /* MapKit.framework in Frameworks */,
				27F614581AB88E9A00D7D5AC /* CoreLocation.framework in Frameworks */,
			);
			runOnlyForDeploymentPostprocessing = 0;
		};
		27DC5B881AB7529C00E86C63 /* Frameworks */ = {
			isa = PBXFrameworksBuildPhase;
			buildActionMask = 2147483647;
			files = (
			);
			runOnlyForDeploymentPostprocessing = 0;
		};
/* End PBXFrameworksBuildPhase section */

/* Begin PBXGroup section */
		27524F7E1AFD009100993A05 /* Chameleon */ = {
			isa = PBXGroup;
			children = (
				274780E81B10B1F3008E7304 /* ODRefreshControl.h */,
				274780E91B10B1F3008E7304 /* ODRefreshControl.m */,
				276654611AFD128400C2B8BA /* UICountingLabel.h */,
				276654621AFD128400C2B8BA /* UICountingLabel.m */,
				27524F7F1AFD009100993A05 /* Chameleon.h */,
				27524F801AFD009100993A05 /* ChameleonMacros.h */,
				27524F811AFD009100993A05 /* ChameleonStatusBar.h */,
				27524F821AFD009100993A05 /* ChameleonStatusBar.m */,
				27524F841AFD009100993A05 /* NSArray+Chameleon.h */,
				27524F851AFD009100993A05 /* NSArray+Chameleon.m */,
				27524F861AFD009100993A05 /* UIColor+Chameleon.h */,
				27524F871AFD009100993A05 /* UIColor+Chameleon.m */,
				27524F881AFD009100993A05 /* UIColor+CIELAB.h */,
				27524F891AFD009100993A05 /* UIColor+CIELAB.m */,
				27524F8A1AFD009100993A05 /* UIViewController+Chameleon.h */,
				27524F8B1AFD009100993A05 /* UIViewController+Chameleon.m */,
			);
			path = Chameleon;
			sourceTree = "<group>";
		};
		278323A21AB9CF4300F7B5A3 /* Model and Model Classes */ = {
			isa = PBXGroup;
			children = (
				27516BD71B05457800CBED64 /* Park.h */,
				27516BD81B05457800CBED64 /* Park.m */,
				27516BD41B05457700CBED64 /* Coaster.h */,
				27516BD51B05457700CBED64 /* Coaster.m */,
				27DC5B791AB7529C00E86C63 /* Coaster_Creds.xcdatamodeld */,
				2783239F1AB9CCD500F7B5A3 /* CoreDataStack.h */,
				278323A01AB9CCD500F7B5A3 /* CoreDataStack.m */,
				2705094B1B09554B00A08055 /* data.sqlite */,
			);
			name = "Model and Model Classes";
			path = ..;
			sourceTree = "<group>";
		};
		278323A31AB9CF6600F7B5A3 /* Application Resources */ = {
			isa = PBXGroup;
			children = (
				27DC5B7F1AB7529C00E86C63 /* Main.storyboard */,
				27DC5B821AB7529C00E86C63 /* Images.xcassets */,
				27DC5B731AB7529C00E86C63 /* Info.plist */,
				27D2D3411B0DE2640028E6CC /* DefaultPreferences.plist */,
			);
			name = "Application Resources";
			sourceTree = "<group>";
		};
		278323A41AB9CF9A00F7B5A3 /* Application */ = {
			isa = PBXGroup;
			children = (
				27DC5B761AB7529C00E86C63 /* AppDelegate.h */,
				27DC5B771AB7529C00E86C63 /* AppDelegate.m */,
			);
			name = Application;
			sourceTree = "<group>";
		};
		278323A51AB9CFF300F7B5A3 /* View Controllers */ = {
			isa = PBXGroup;
			children = (
				2705093D1B09043B00A08055 /* ParkContinentTableViewController.h */,
				2705093E1B09043B00A08055 /* ParkContinentTableViewController.m */,
				270509431B091E3400A08055 /* ParkCountryTableViewController.h */,
				270509441B091E3400A08055 /* ParkCountryTableViewController.m */,
				2705094D1B0B193000A08055 /* ParkStateTableViewController.h */,
				2705094E1B0B193000A08055 /* ParkStateTableViewController.m */,
				2779F19E1AD9B39700215D79 /* ParkListTableViewController.h */,
				2779F19F1AD9B39700215D79 /* ParkListTableViewController.m */,
				2738F5901AE662C300A4E12A /* PopupRatingViewController.h */,
				2738F5911AE662C300A4E12A /* PopupRatingViewController.m */,
				2721F73B1AE317A200AFAD5E /* TranslucentNavigationController.h */,
				2721F73C1AE317A200AFAD5E /* TranslucentNavigationController.m */,
				276736DA1ACF107A0078A54D /* MainTabBarController.h */,
				276736DB1ACF107A0078A54D /* MainTabBarController.m */,
				27DC5B7C1AB7529C00E86C63 /* HomeViewController.h */,
				27DC5B7D1AB7529C00E86C63 /* HomeViewController.m */,
				279453951ABCA69300801760 /* CoasterViewController.h */,
				279453961ABCA69300801760 /* CoasterViewController.m */,
				276654641AFD132000C2B8BA /* UserViewController.h */,
				276654651AFD132000C2B8BA /* UserViewController.m */,
				270509501B0C989A00A08055 /* SearchDistanceTableViewController.h */,
				270509511B0C989A00A08055 /* SearchDistanceTableViewController.m */,
				270509531B0C9B0500A08055 /* LocationSettingsTableViewController.h */,
				270509541B0C9B0500A08055 /* LocationSettingsTableViewController.m */,
				270509561B0CAD0D00A08055 /* HomeMapViewController.h */,
				270509571B0CAD0D00A08055 /* HomeMapViewController.m */,
				279069311B17418C000021D2 /* ParkListOptionsTableViewController.h */,
				279069321B17418C000021D2 /* ParkListOptionsTableViewController.m */,
			);
			name = "View Controllers";
			sourceTree = "<group>";
		};
		27AE86A61B14C94300A81846 /* Annotation Classes */ = {
			isa = PBXGroup;
			children = (
				27AE86A71B14C98600A81846 /* ParkPointAnnotation.h */,
				27AE86A81B14C98600A81846 /* ParkPointAnnotation.m */,
				27AE86AA1B14CCC500A81846 /* ParkPinAnnotationView.h */,
				27AE86AB1B14CCC500A81846 /* ParkPinAnnotationView.m */,
			);
			name = "Annotation Classes";
			sourceTree = "<group>";
		};
		27D753D51ABD975F00484615 /* Table Cells */ = {
			isa = PBXGroup;
			children = (
				2715A78D1AF7B3DB00C0C9A5 /* HomeTableViewCell.h */,
				2715A78E1AF7B3DB00C0C9A5 /* HomeTableViewCell.m */,
				2779F1A11AD9D0F900215D79 /* ParkListTableViewCell.h */,
				2779F1A21AD9D0F900215D79 /* ParkListTableViewCell.m */,
				27D753D11ABD970E00484615 /* CoasterTableViewCell.h */,
				27D753D21ABD970E00484615 /* CoasterTableViewCell.m */,
				2715A7961AFA4B0E00C0C9A5 /* ErrorTableViewCell.h */,
				2715A7971AFA4B0E00C0C9A5 /* ErrorTableViewCell.m */,
				270509401B091B3700A08055 /* ParkContinentTableViewCell.h */,
				270509411B091B3700A08055 /* ParkContinentTableViewCell.m */,
			);
			name = "Table Cells";
			sourceTree = "<group>";
		};
		27DC5B661AB7529B00E86C63 = {
			isa = PBXGroup;
			children = (
				27524F7C1AFD008000993A05 /* CoreGraphics.framework */,
				2738F5931AE6631A00A4E12A /* QuartzCore.framework */,
				272B139F1AC0A240005B78D6 /* MapKit.framework */,
				27F614571AB88E9A00D7D5AC /* CoreLocation.framework */,
				27DC5B711AB7529C00E86C63 /* Coaster Creds */,
				27DC5B8E1AB7529C00E86C63 /* Coaster CredsTests */,
				27DC5B701AB7529C00E86C63 /* Products */,
			);
			sourceTree = "<group>";
		};
		27DC5B701AB7529C00E86C63 /* Products */ = {
			isa = PBXGroup;
			children = (
				27DC5B6F1AB7529C00E86C63 /* Coaster Creds.app */,
				27DC5B8B1AB7529C00E86C63 /* Coaster CredsTests.xctest */,
			);
			name = Products;
			sourceTree = "<group>";
		};
		27DC5B711AB7529C00E86C63 /* Coaster Creds */ = {
			isa = PBXGroup;
			children = (
				27AE86A61B14C94300A81846 /* Annotation Classes */,
				278323A41AB9CF9A00F7B5A3 /* Application */,
				278323A21AB9CF4300F7B5A3 /* Model and Model Classes */,
				278323A51AB9CFF300F7B5A3 /* View Controllers */,
				27D753D51ABD975F00484615 /* Table Cells */,
				278323A31AB9CF6600F7B5A3 /* Application Resources */,
				27DC5B721AB7529C00E86C63 /* Supporting Files */,
			);
			path = "Coaster Creds";
			sourceTree = "<group>";
		};
		27DC5B721AB7529C00E86C63 /* Supporting Files */ = {
			isa = PBXGroup;
			children = (
				27524F7E1AFD009100993A05 /* Chameleon */,
				2738F59B1AEA103E00A4E12A /* BFPaperCheckbox.h */,
				2738F59C1AEA103E00A4E12A /* BFPaperCheckbox.m */,
				272B13A11AC0B0EF005B78D6 /* Color.h */,
				272B13A21AC0B0EF005B78D6 /* Color.m */,
				2738F5951AE89E2400A4E12A /* HCSStarRatingView.h */,
				2738F5961AE89E2400A4E12A /* HCSStarRatingView.m */,
				27688E311ABC74DB00A8D102 /* Haversine.h */,
				27688E321ABC74DB00A8D102 /* Haversine.m */,
				27DC5B741AB7529C00E86C63 /* main.m */,
				27E2A9AF1ABE35C700FDA170 /* ideas */,
			);
			name = "Supporting Files";
			sourceTree = "<group>";
		};
		27DC5B8E1AB7529C00E86C63 /* Coaster CredsTests */ = {
			isa = PBXGroup;
			children = (
				27DC5B911AB7529C00E86C63 /* Coaster_CredsTests.m */,
				27DC5B8F1AB7529C00E86C63 /* Supporting Files */,
			);
			path = "Coaster CredsTests";
			sourceTree = "<group>";
		};
		27DC5B8F1AB7529C00E86C63 /* Supporting Files */ = {
			isa = PBXGroup;
			children = (
				27DC5B901AB7529C00E86C63 /* Info.plist */,
			);
			name = "Supporting Files";
			sourceTree = "<group>";
		};
/* End PBXGroup section */

/* Begin PBXNativeTarget section */
		27DC5B6E1AB7529C00E86C63 /* Coaster Creds */ = {
			isa = PBXNativeTarget;
			buildConfigurationList = 27DC5B951AB7529C00E86C63 /* Build configuration list for PBXNativeTarget "Coaster Creds" */;
			buildPhases = (
				27DC5B6B1AB7529C00E86C63 /* Sources */,
				27DC5B6C1AB7529C00E86C63 /* Frameworks */,
				27DC5B6D1AB7529C00E86C63 /* Resources */,
			);
			buildRules = (
			);
			dependencies = (
			);
			name = "Coaster Creds";
			productName = "Coaster Creds";
			productReference = 27DC5B6F1AB7529C00E86C63 /* Coaster Creds.app */;
			productType = "com.apple.product-type.application";
		};
		27DC5B8A1AB7529C00E86C63 /* Coaster CredsTests */ = {
			isa = PBXNativeTarget;
			buildConfigurationList = 27DC5B981AB7529C00E86C63 /* Build configuration list for PBXNativeTarget "Coaster CredsTests" */;
			buildPhases = (
				27DC5B871AB7529C00E86C63 /* Sources */,
				27DC5B881AB7529C00E86C63 /* Frameworks */,
				27DC5B891AB7529C00E86C63 /* Resources */,
			);
			buildRules = (
			);
			dependencies = (
				27DC5B8D1AB7529C00E86C63 /* PBXTargetDependency */,
			);
			name = "Coaster CredsTests";
			productName = "Coaster CredsTests";
			productReference = 27DC5B8B1AB7529C00E86C63 /* Coaster CredsTests.xctest */;
			productType = "com.apple.product-type.bundle.unit-test";
		};
/* End PBXNativeTarget section */

/* Begin PBXProject section */
		27DC5B671AB7529B00E86C63 /* Project object */ = {
			isa = PBXProject;
			attributes = {
				LastUpgradeCheck = 0610;
				ORGANIZATIONNAME = "Mike Fudge";
				TargetAttributes = {
					27DC5B6E1AB7529C00E86C63 = {
						CreatedOnToolsVersion = 6.1.1;
					};
					27DC5B8A1AB7529C00E86C63 = {
						CreatedOnToolsVersion = 6.1.1;
						TestTargetID = 27DC5B6E1AB7529C00E86C63;
					};
				};
			};
			buildConfigurationList = 27DC5B6A1AB7529B00E86C63 /* Build configuration list for PBXProject "Coaster Creds" */;
			compatibilityVersion = "Xcode 3.2";
			developmentRegion = English;
			hasScannedForEncodings = 0;
			knownRegions = (
				en,
				Base,
			);
			mainGroup = 27DC5B661AB7529B00E86C63;
			productRefGroup = 27DC5B701AB7529C00E86C63 /* Products */;
			projectDirPath = "";
			projectRoot = "";
			targets = (
				27DC5B6E1AB7529C00E86C63 /* Coaster Creds */,
				27DC5B8A1AB7529C00E86C63 /* Coaster CredsTests */,
			);
		};
/* End PBXProject section */

/* Begin PBXResourcesBuildPhase section */
		27DC5B6D1AB7529C00E86C63 /* Resources */ = {
			isa = PBXResourcesBuildPhase;
			buildActionMask = 2147483647;
			files = (
				27DC5B811AB7529C00E86C63 /* Main.storyboard in Resources */,
				27DC5B831AB7529C00E86C63 /* Images.xcassets in Resources */,
				27E2A9B01ABE35C700FDA170 /* ideas in Resources */,
				2705094C1B09554B00A08055 /* data.sqlite in Resources */,
				27D2D3421B0DE2640028E6CC /* DefaultPreferences.plist in Resources */,
			);
			runOnlyForDeploymentPostprocessing = 0;
		};
		27DC5B891AB7529C00E86C63 /* Resources */ = {
			isa = PBXResourcesBuildPhase;
			buildActionMask = 2147483647;
			files = (
			);
			runOnlyForDeploymentPostprocessing = 0;
		};
/* End PBXResourcesBuildPhase section */

/* Begin PBXSourcesBuildPhase section */
		27DC5B6B1AB7529C00E86C63 /* Sources */ = {
			isa = PBXSourcesBuildPhase;
			buildActionMask = 2147483647;
			files = (
				278323A11AB9CCD500F7B5A3 /* CoreDataStack.m in Sources */,
				2779F1A01AD9B39700215D79 /* ParkListTableViewController.m in Sources */,
				27DC5B7B1AB7529C00E86C63 /* Coaster_Creds.xcdatamodeld in Sources */,
				270509551B0C9B0500A08055 /* LocationSettingsTableViewController.m in Sources */,
				27688E331ABC74DB00A8D102 /* Haversine.m in Sources */,
				270509421B091B3700A08055 /* ParkContinentTableViewCell.m in Sources */,
				27DC5B781AB7529C00E86C63 /* AppDelegate.m in Sources */,
				270509521B0C989A00A08055 /* SearchDistanceTableViewController.m in Sources */,
				27524F901AFD009100993A05 /* UIColor+CIELAB.m in Sources */,
				27AE86AC1B14CCC500A81846 /* ParkPinAnnotationView.m in Sources */,
				27DC5B7E1AB7529C00E86C63 /* HomeViewController.m in Sources */,
				27524F911AFD009100993A05 /* UIViewController+Chameleon.m in Sources */,
				279453971ABCA69300801760 /* CoasterViewController.m in Sources */,
				276736DC1ACF107A0078A54D /* MainTabBarController.m in Sources */,
				279069331B17418C000021D2 /* ParkListOptionsTableViewController.m in Sources */,
				270509451B091E3400A08055 /* ParkCountryTableViewController.m in Sources */,
				276654631AFD128400C2B8BA /* UICountingLabel.m in Sources */,
				27AE86A91B14C98600A81846 /* ParkPointAnnotation.m in Sources */,
				2738F59D1AEA103E00A4E12A /* BFPaperCheckbox.m in Sources */,
				2715A78F1AF7B3DB00C0C9A5 /* HomeTableViewCell.m in Sources */,
				2705094F1B0B193000A08055 /* ParkStateTableViewController.m in Sources */,
				2715A7981AFA4B0E00C0C9A5 /* ErrorTableViewCell.m in Sources */,
				2705093F1B09043B00A08055 /* ParkContinentTableViewController.m in Sources */,
				27524F8C1AFD009100993A05 /* ChameleonStatusBar.m in Sources */,
				27524F8F1AFD009100993A05 /* UIColor+Chameleon.m in Sources */,
				27516BD61B05457700CBED64 /* Coaster.m in Sources */,
				2738F5971AE89E2400A4E12A /* HCSStarRatingView.m in Sources */,
				27DC5B751AB7529C00E86C63 /* main.m in Sources */,
				276654661AFD132000C2B8BA /* UserViewController.m in Sources */,
				272B13A31AC0B0EF005B78D6 /* Color.m in Sources */,
				274780EA1B10B1F3008E7304 /* ODRefreshControl.m in Sources */,
				27D753D31ABD970E00484615 /* CoasterTableViewCell.m in Sources */,
				2721F73D1AE317A200AFAD5E /* TranslucentNavigationController.m in Sources */,
				27524F8E1AFD009100993A05 /* NSArray+Chameleon.m in Sources */,
				2738F5921AE662C300A4E12A /* PopupRatingViewController.m in Sources */,
				2779F1A31AD9D0F900215D79 /* ParkListTableViewCell.m in Sources */,
				27516BD91B05457800CBED64 /* Park.m in Sources */,
				270509581B0CAD0D00A08055 /* HomeMapViewController.m in Sources */,
			);
			runOnlyForDeploymentPostprocessing = 0;
		};
		27DC5B871AB7529C00E86C63 /* Sources */ = {
			isa = PBXSourcesBuildPhase;
			buildActionMask = 2147483647;
			files = (
				27DC5B921AB7529C00E86C63 /* Coaster_CredsTests.m in Sources */,
			);
			runOnlyForDeploymentPostprocessing = 0;
		};
/* End PBXSourcesBuildPhase section */

/* Begin PBXTargetDependency section */
		27DC5B8D1AB7529C00E86C63 /* PBXTargetDependency */ = {
			isa = PBXTargetDependency;
			target = 27DC5B6E1AB7529C00E86C63 /* Coaster Creds */;
			targetProxy = 27DC5B8C1AB7529C00E86C63 /* PBXContainerItemProxy */;
		};
/* End PBXTargetDependency section */

/* Begin PBXVariantGroup section */
		27DC5B7F1AB7529C00E86C63 /* Main.storyboard */ = {
			isa = PBXVariantGroup;
			children = (
				27DC5B801AB7529C00E86C63 /* Base */,
			);
			name = Main.storyboard;
			sourceTree = "<group>";
		};
/* End PBXVariantGroup section */

/* Begin XCBuildConfiguration section */
		27DC5B931AB7529C00E86C63 /* Debug */ = {
			isa = XCBuildConfiguration;
			buildSettings = {
				ALWAYS_SEARCH_USER_PATHS = NO;
				CLANG_CXX_LANGUAGE_STANDARD = "gnu++0x";
				CLANG_CXX_LIBRARY = "libc++";
				CLANG_ENABLE_MODULES = YES;
				CLANG_ENABLE_OBJC_ARC = YES;
				CLANG_WARN_BOOL_CONVERSION = YES;
				CLANG_WARN_CONSTANT_CONVERSION = YES;
				CLANG_WARN_DIRECT_OBJC_ISA_USAGE = YES_ERROR;
				CLANG_WARN_EMPTY_BODY = YES;
				CLANG_WARN_ENUM_CONVERSION = YES;
				CLANG_WARN_INT_CONVERSION = YES;
				CLANG_WARN_OBJC_ROOT_CLASS = YES_ERROR;
				CLANG_WARN_UNREACHABLE_CODE = YES;
				CLANG_WARN__DUPLICATE_METHOD_MATCH = YES;
				"CODE_SIGN_IDENTITY[sdk=iphoneos*]" = "iPhone Developer";
				COPY_PHASE_STRIP = NO;
				ENABLE_STRICT_OBJC_MSGSEND = YES;
				GCC_C_LANGUAGE_STANDARD = gnu99;
				GCC_DYNAMIC_NO_PIC = NO;
				GCC_OPTIMIZATION_LEVEL = 0;
				GCC_PREPROCESSOR_DEFINITIONS = (
					"DEBUG=1",
					"$(inherited)",
				);
				GCC_SYMBOLS_PRIVATE_EXTERN = NO;
				GCC_WARN_64_TO_32_BIT_CONVERSION = YES;
				GCC_WARN_ABOUT_RETURN_TYPE = YES_ERROR;
				GCC_WARN_UNDECLARED_SELECTOR = YES;
				GCC_WARN_UNINITIALIZED_AUTOS = YES_AGGRESSIVE;
				GCC_WARN_UNUSED_FUNCTION = YES;
				GCC_WARN_UNUSED_VARIABLE = YES;
				IPHONEOS_DEPLOYMENT_TARGET = 7.0;
				MTL_ENABLE_DEBUG_INFO = YES;
				ONLY_ACTIVE_ARCH = YES;
				SDKROOT = iphoneos;
			};
			name = Debug;
		};
		27DC5B941AB7529C00E86C63 /* Release */ = {
			isa = XCBuildConfiguration;
			buildSettings = {
				ALWAYS_SEARCH_USER_PATHS = NO;
				CLANG_CXX_LANGUAGE_STANDARD = "gnu++0x";
				CLANG_CXX_LIBRARY = "libc++";
				CLANG_ENABLE_MODULES = YES;
				CLANG_ENABLE_OBJC_ARC = YES;
				CLANG_WARN_BOOL_CONVERSION = YES;
				CLANG_WARN_CONSTANT_CONVERSION = YES;
				CLANG_WARN_DIRECT_OBJC_ISA_USAGE = YES_ERROR;
				CLANG_WARN_EMPTY_BODY = YES;
				CLANG_WARN_ENUM_CONVERSION = YES;
				CLANG_WARN_INT_CONVERSION = YES;
				CLANG_WARN_OBJC_ROOT_CLASS = YES_ERROR;
				CLANG_WARN_UNREACHABLE_CODE = YES;
				CLANG_WARN__DUPLICATE_METHOD_MATCH = YES;
				"CODE_SIGN_IDENTITY[sdk=iphoneos*]" = "iPhone Developer";
				COPY_PHASE_STRIP = YES;
				ENABLE_NS_ASSERTIONS = NO;
				ENABLE_STRICT_OBJC_MSGSEND = YES;
				GCC_C_LANGUAGE_STANDARD = gnu99;
				GCC_WARN_64_TO_32_BIT_CONVERSION = YES;
				GCC_WARN_ABOUT_RETURN_TYPE = YES_ERROR;
				GCC_WARN_UNDECLARED_SELECTOR = YES;
				GCC_WARN_UNINITIALIZED_AUTOS = YES_AGGRESSIVE;
				GCC_WARN_UNUSED_FUNCTION = YES;
				GCC_WARN_UNUSED_VARIABLE = YES;
				IPHONEOS_DEPLOYMENT_TARGET = 7.0;
				MTL_ENABLE_DEBUG_INFO = NO;
				SDKROOT = iphoneos;
				VALIDATE_PRODUCT = YES;
			};
			name = Release;
		};
		27DC5B961AB7529C00E86C63 /* Debug */ = {
			isa = XCBuildConfiguration;
			buildSettings = {
				ASSETCATALOG_COMPILER_APPICON_NAME = AppIcon;
				ASSETCATALOG_COMPILER_LAUNCHIMAGE_NAME = LaunchImage;
				INFOPLIST_FILE = "Coaster Creds/Info.plist";
				IPHONEOS_DEPLOYMENT_TARGET = 8.1;
				LD_RUNPATH_SEARCH_PATHS = "$(inherited) @executable_path/Frameworks";
				PRODUCT_NAME = "$(TARGET_NAME)";
				TARGETED_DEVICE_FAMILY = 1;
			};
			name = Debug;
		};
		27DC5B971AB7529C00E86C63 /* Release */ = {
			isa = XCBuildConfiguration;
			buildSettings = {
				ASSETCATALOG_COMPILER_APPICON_NAME = AppIcon;
				ASSETCATALOG_COMPILER_LAUNCHIMAGE_NAME = LaunchImage;
				INFOPLIST_FILE = "Coaster Creds/Info.plist";
				IPHONEOS_DEPLOYMENT_TARGET = 8.1;
				LD_RUNPATH_SEARCH_PATHS = "$(inherited) @executable_path/Frameworks";
				PRODUCT_NAME = "$(TARGET_NAME)";
				TARGETED_DEVICE_FAMILY = 1;
			};
			name = Release;
		};
		27DC5B991AB7529C00E86C63 /* Debug */ = {
			isa = XCBuildConfiguration;
			buildSettings = {
				BUNDLE_LOADER = "$(TEST_HOST)";
				FRAMEWORK_SEARCH_PATHS = (
					"$(SDKROOT)/Developer/Library/Frameworks",
					"$(inherited)",
				);
				GCC_PREPROCESSOR_DEFINITIONS = (
					"DEBUG=1",
					"$(inherited)",
				);
				INFOPLIST_FILE = "Coaster CredsTests/Info.plist";
				LD_RUNPATH_SEARCH_PATHS = "$(inherited) @executable_path/Frameworks @loader_path/Frameworks";
				PRODUCT_NAME = "$(TARGET_NAME)";
				TEST_HOST = "$(BUILT_PRODUCTS_DIR)/Coaster Creds.app/Coaster Creds";
			};
			name = Debug;
		};
		27DC5B9A1AB7529C00E86C63 /* Release */ = {
			isa = XCBuildConfiguration;
			buildSettings = {
				BUNDLE_LOADER = "$(TEST_HOST)";
				FRAMEWORK_SEARCH_PATHS = (
					"$(SDKROOT)/Developer/Library/Frameworks",
					"$(inherited)",
				);
				INFOPLIST_FILE = "Coaster CredsTests/Info.plist";
				LD_RUNPATH_SEARCH_PATHS = "$(inherited) @executable_path/Frameworks @loader_path/Frameworks";
				PRODUCT_NAME = "$(TARGET_NAME)";
				TEST_HOST = "$(BUILT_PRODUCTS_DIR)/Coaster Creds.app/Coaster Creds";
			};
			name = Release;
		};
/* End XCBuildConfiguration section */

/* Begin XCConfigurationList section */
		27DC5B6A1AB7529B00E86C63 /* Build configuration list for PBXProject "Coaster Creds" */ = {
			isa = XCConfigurationList;
			buildConfigurations = (
				27DC5B931AB7529C00E86C63 /* Debug */,
				27DC5B941AB7529C00E86C63 /* Release */,
			);
			defaultConfigurationIsVisible = 0;
			defaultConfigurationName = Release;
		};
		27DC5B951AB7529C00E86C63 /* Build configuration list for PBXNativeTarget "Coaster Creds" */ = {
			isa = XCConfigurationList;
			buildConfigurations = (
				27DC5B961AB7529C00E86C63 /* Debug */,
				27DC5B971AB7529C00E86C63 /* Release */,
			);
			defaultConfigurationIsVisible = 0;
			defaultConfigurationName = Release;
		};
		27DC5B981AB7529C00E86C63 /* Build configuration list for PBXNativeTarget "Coaster CredsTests" */ = {
			isa = XCConfigurationList;
			buildConfigurations = (
				27DC5B991AB7529C00E86C63 /* Debug */,
				27DC5B9A1AB7529C00E86C63 /* Release */,
			);
			defaultConfigurationIsVisible = 0;
			defaultConfigurationName = Release;
		};
/* End XCConfigurationList section */

/* Begin XCVersionGroup section */
		27DC5B791AB7529C00E86C63 /* Coaster_Creds.xcdatamodeld */ = {
			isa = XCVersionGroup;
			children = (
				27DC5B7A1AB7529C00E86C63 /* Coaster_Creds.xcdatamodel */,
			);
			currentVersion = 27DC5B7A1AB7529C00E86C63 /* Coaster_Creds.xcdatamodel */;
			name = Coaster_Creds.xcdatamodeld;
			path = "Coaster Creds/Coaster_Creds.xcdatamodeld";
			sourceTree = "<group>";
			versionGroupType = wrapper.xcdatamodel;
		};
/* End XCVersionGroup section */
	};
	rootObject = 27DC5B671AB7529B00E86C63 /* Project object */;
}
